
Microsoft Visual Studio Solution File, Format Version 12.00
# Visual Studio Version 17
VisualStudioVersion = 17.13.35806.99 d17.13
MinimumVisualStudioVersion = 10.0.40219.1
Project("{FAE04EC0-301F-11D3-BF4B-00C04F79EFBC}") = "Backend", "Backend\Backend.csproj", "{99E2934C-A13A-4DAD-A085-62674FF93F85}"
EndProject
Global
	GlobalSection(SolutionConfigurationPlatforms) = preSolution
		Debug|Any CPU = Debug|Any CPU
		Release|Any CPU = Release|Any CPU
	EndGlobalSection
	GlobalSection(ProjectConfigurationPlatforms) = postSolution
		{99E2934C-A13A-4DAD-A085-62674FF93F85}.Debug|Any CPU.ActiveCfg = Debug|Any CPU
		{99E2934C-A13A-4DAD-A085-62674FF93F85}.Debug|Any CPU.Build.0 = Debug|Any CPU
		{99E2934C-A13A-4DAD-A085-62674FF93F85}.Release|Any CPU.ActiveCfg = Release|Any CPU
		{99E2934C-A13A-4DAD-A085-62674FF93F85}.Release|Any CPU.Build.0 = Release|Any CPU
	EndGlobalSection
	GlobalSection(SolutionProperties) = preSolution
		HideSolutionNode = FALSE
	EndGlobalSection
	GlobalSection(ExtensibilityGlobals) = postSolution
		SolutionGuid = {1321ED66-6E71-490B-B6D6-583A9B7735FE}
	EndGlobalSection
EndGlobal
